{
  "name": "threejs-ammojs-webpack-example",
  "version": "1.0.0",
  "lockfileVersion": 1,
  "requires": true,
  "dependencies": {
    "@enable3d/ammo-physics": {
      "version": "0.22.0",
      "resolved": "https://registry.npmjs.org/@enable3d/ammo-physics/-/ammo-physics-0.22.0.tgz",
      "integrity": "sha512-vSSUSN3wcmuSInfncbLx6aCHmbeeNXQqyt013T4YOVoqApZffnsbOrjIjPTxH49Ze0TyQOrqKfE1+FacT8ycqA==",
      "requires": {
        "@enable3d/common": "^0.22.0",
        "@enable3d/three-wrapper": "^0.22.0",
        "@yandeu/events": "0.0.5"
      }
    },
    "@enable3d/common": {
      "version": "0.22.0",
      "resolved": "https://registry.npmjs.org/@enable3d/common/-/common-0.22.0.tgz",
      "integrity": "sha512-ofdYV5HJdhoGRVGTzWF0c4h3xRZtGz2ckWtscDKcRwoGvKz6d5lXdt71ve/hRlxjhzvMt3s95eCEldHh2OxXNQ==",
      "requires": {
        "@enable3d/three-wrapper": "^0.22.0",
        "@yandeu/events": "0.0.5"
      }
    },
    "@enable3d/three-graphics": {
      "version": "0.22.0",
      "resolved": "https://registry.npmjs.org/@enable3d/three-graphics/-/three-graphics-0.22.0.tgz",
      "integrity": "sha512-OOQcMqWzFCtDuCiDVBD+p46HAFavW4+5LlP63/1SWu2W5QupYOBUVi4hA5M+gkgUGh22WVmo38ntfUB42YWAQA==",
      "requires": {
        "@enable3d/ammo-physics": "^0.22.0",
        "@enable3d/common": "^0.22.0",
        "@enable3d/three-wrapper": "^0.22.0",
        "@yandeu/events": "0.0.5",
        "@yandeu/tap": "0.0.3"
      }
    },
    "@enable3d/three-wrapper": {
      "version": "0.22.0",
      "resolved": "https://registry.npmjs.org/@enable3d/three-wrapper/-/three-wrapper-0.22.0.tgz",
      "integrity": "sha512-VqKo543eywMnhYGAhS0yYDWYZjs+T2AnSYS4pGY5wZMFiV7sC0XEuXYWNuj15E1glq9bxT4jJFixX/v6ErCw7A=="
    },
    "@yandeu/events": {
      "version": "0.0.5",
      "resolved": "https://registry.npmjs.org/@yandeu/events/-/events-0.0.5.tgz",
      "integrity": "sha512-TUkghSGu0ThcEyAP50WHU/vdQkpt9EZyotjZzG8KirR+VI5o7Rp5wabcGru62JNy+awMR8Voy+kFzhNkC/1E6A=="
    },
    "@yandeu/tap": {
      "version": "0.0.3",
      "resolved": "https://registry.npmjs.org/@yandeu/tap/-/tap-0.0.3.tgz",
      "integrity": "sha512-GIStEHmboHVbs6ghcRxkO5NVdZtRCsf1mkKI0gvzc21uj5qGlGSCD/Eaax98/c6Mu9+n2lkTYbTwuBbg2vzuQw==",
      "requires": {
        "@yandeu/events": "0.0.5"
      }
    },
    "enable3d": {
      "version": "0.22.0",
      "resolved": "https://registry.npmjs.org/enable3d/-/enable3d-0.22.0.tgz",
      "integrity": "sha512-IMynn85Bo7JaxeW7BasSCy3b9+RcNVr3McvKo692w+5rvIVLjqD8VEmr9OaOt419NJ8b8WiO4O/0WgsQhSUqjQ==",
      "requires": {
        "@enable3d/ammo-physics": "^0.22.0",
        "@enable3d/common": "^0.22.0",
        "@enable3d/three-graphics": "^0.22.0",
        "@enable3d/three-wrapper": "^0.22.0"
      }
    }
  }
}
